
Microsoft Visual Studio Solution File, Format Version 12.00
# Visual Studio Version 17
VisualStudioVersion = 17.8.34330.188
MinimumVisualStudioVersion = 10.0.40219.1
Project("{FAE04EC0-301F-11D3-BF4B-00C04F79EFBC}") = "AspNetRestApiProject", "AspNetRestApiProject\AspNetRestApiProject.csproj", "{B45E62B7-A679-4585-950B-5B4B52D4FC4A}"
EndProject
Global
	GlobalSection(SolutionConfigurationPlatforms) = preSolution
		Debug|Any CPU = Debug|Any CPU
		Release|Any CPU = Release|Any CPU
	EndGlobalSection
	GlobalSection(ProjectConfigurationPlatforms) = postSolution
		{B45E62B7-A679-4585-950B-5B4B52D4FC4A}.Debug|Any CPU.ActiveCfg = Debug|Any CPU
		{B45E62B7-A679-4585-950B-5B4B52D4FC4A}.Debug|Any CPU.Build.0 = Debug|Any CPU
		{B45E62B7-A679-4585-950B-5B4B52D4FC4A}.Release|Any CPU.ActiveCfg = Release|Any CPU
		{B45E62B7-A679-4585-950B-5B4B52D4FC4A}.Release|Any CPU.Build.0 = Release|Any CPU
	EndGlobalSection
	GlobalSection(SolutionProperties) = preSolution
		HideSolutionNode = FALSE
	EndGlobalSection
	GlobalSection(ExtensibilityGlobals) = postSolution
		SolutionGuid = {969D7B88-1E67-4011-8611-C62E91424E0A}
	EndGlobalSection
EndGlobal
