{
  "name": "AspNetRestApiProject",
  "lockfileVersion": 2,
  "requires": true,
  "packages": {
    "": {
      "devDependencies": {
        "nswag": "^14.1.0"
      }
    },
    "node_modules/nswag": {
      "version": "14.1.0",
      "resolved": "https://registry.npmjs.org/nswag/-/nswag-14.1.0.tgz",
      "integrity": "sha512-Jvsdq/lZiIxuGJujNcuU2zRC9CAyCc9BXL2+rCVhIrBkTd6TKtc6szuolt0QegulQ86J8Ta4uyB4N/CL2P1gmw==",
      "dev": true,
      "bin": {
        "nswag": "bin/nswag.js"
      },
      "engines": {
        "npm": ">=3.10.8"
      }
    }
  },
  "dependencies": {
    "nswag": {
      "version": "14.1.0",
      "resolved": "https://registry.npmjs.org/nswag/-/nswag-14.1.0.tgz",
      "integrity": "sha512-Jvsdq/lZiIxuGJujNcuU2zRC9CAyCc9BXL2+rCVhIrBkTd6TKtc6szuolt0QegulQ86J8Ta4uyB4N/CL2P1gmw==",
      "dev": true
    }
  }
}
