{
  "name": "AspNetRestApiProject",
  "lockfileVersion": 2,
  "requires": true,
  "packages": {
    "": {
      "devDependencies": {
        "nswag": "^14.0.2"
      }
    },
    "node_modules/nswag": {
      "version": "14.0.2",
      "resolved": "https://registry.npmjs.org/nswag/-/nswag-14.0.2.tgz",
      "integrity": "sha512-Jt1suIfcovpr0cCPCiWYbxL+NmmUA34b/pt5HSePPbW7edx4gXbnq12YlGdGGjxMJ6bfkhamKzBYTYGWVjLBlA==",
      "dev": true,
      "bin": {
        "nswag": "bin/nswag.js"
      },
      "engines": {
        "npm": ">=3.10.8"
      }
    }
  },
  "dependencies": {
    "nswag": {
      "version": "14.0.2",
      "resolved": "https://registry.npmjs.org/nswag/-/nswag-14.0.2.tgz",
      "integrity": "sha512-Jt1suIfcovpr0cCPCiWYbxL+NmmUA34b/pt5HSePPbW7edx4gXbnq12YlGdGGjxMJ6bfkhamKzBYTYGWVjLBlA==",
      "dev": true
    }
  }
}
